
Microsoft Visual Studio Solution File, Format Version 12.00
# Visual Studio 15
VisualStudioVersion = 15.0.28010.2036
MinimumVisualStudioVersion = 10.0.40219.1
Project("{FAE04EC0-301F-11D3-BF4B-00C04F79EFBC}") = "Projeto-teste", "Projeto-teste\Projeto-teste.csproj", "{4814BE23-F7A3-483B-926A-5923568C3246}"
EndProject
Global
	GlobalSection(SolutionConfigurationPlatforms) = preSolution
		Debug|Any CPU = Debug|Any CPU
		Release|Any CPU = Release|Any CPU
	EndGlobalSection
	GlobalSection(ProjectConfigurationPlatforms) = postSolution
		{4814BE23-F7A3-483B-926A-5923568C3246}.Debug|Any CPU.ActiveCfg = Debug|Any CPU
		{4814BE23-F7A3-483B-926A-5923568C3246}.Debug|Any CPU.Build.0 = Debug|Any CPU
		{4814BE23-F7A3-483B-926A-5923568C3246}.Release|Any CPU.ActiveCfg = Release|Any CPU
		{4814BE23-F7A3-483B-926A-5923568C3246}.Release|Any CPU.Build.0 = Release|Any CPU
	EndGlobalSection
	GlobalSection(SolutionProperties) = preSolution
		HideSolutionNode = FALSE
	EndGlobalSection
	GlobalSection(ExtensibilityGlobals) = postSolution
		SolutionGuid = {1B1F810C-B298-4C44-AB31-EA1D61D61FA4}
	EndGlobalSection
EndGlobal
